// !$*UTF8*$!
{
	archiveVersion = 1;
	classes = {
	};
	objectVersion = 51;
	objects = {

/* Begin PBXBuildFile section */
		768F740A45CD05FED849E5EF /* Pods_GAPSI.framework in Frameworks */ = {isa = PBXBuildFile; fileRef = 2A2A28CFB2AC680DE8108250 /* Pods_GAPSI.framework */; };
		9CCBA03B255F3DEB003C41B6 /* AppDelegate.swift in Sources */ = {isa = PBXBuildFile; fileRef = 9CCBA03A255F3DEB003C41B6 /* AppDelegate.swift */; };
		9CCBA03D255F3DEB003C41B6 /* SceneDelegate.swift in Sources */ = {isa = PBXBuildFile; fileRef = 9CCBA03C255F3DEB003C41B6 /* SceneDelegate.swift */; };
		9CCBA03F255F3DEB003C41B6 /* ViewController.swift in Sources */ = {isa = PBXBuildFile; fileRef = 9CCBA03E255F3DEB003C41B6 /* ViewController.swift */; };
		9CCBA042255F3DEB003C41B6 /* Main.storyboard in Resources */ = {isa = PBXBuildFile; fileRef = 9CCBA040255F3DEB003C41B6 /* Main.storyboard */; };
		9CCBA044255F3DF0003C41B6 /* Assets.xcassets in Resources */ = {isa = PBXBuildFile; fileRef = 9CCBA043255F3DF0003C41B6 /* Assets.xcassets */; };
		9CCBA047255F3DF0003C41B6 /* LaunchScreen.storyboard in Resources */ = {isa = PBXBuildFile; fileRef = 9CCBA045255F3DF0003C41B6 /* LaunchScreen.storyboard */; };
		9CCBA052255F3DF0003C41B6 /* GAPSITests.swift in Sources */ = {isa = PBXBuildFile; fileRef = 9CCBA051255F3DF0003C41B6 /* GAPSITests.swift */; };
		9CCBA05D255F3DF0003C41B6 /* GAPSIUITests.swift in Sources */ = {isa = PBXBuildFile; fileRef = 9CCBA05C255F3DF0003C41B6 /* GAPSIUITests.swift */; };
		9CCBA06B255F451C003C41B6 /* Request.swift in Sources */ = {isa = PBXBuildFile; fileRef = 9CCBA06A255F451C003C41B6 /* Request.swift */; };
		9CCBA06D255F4C5D003C41B6 /* ProductsViewCell.swift in Sources */ = {isa = PBXBuildFile; fileRef = 9CCBA06C255F4C5D003C41B6 /* ProductsViewCell.swift */; };
		9CCBA06F255F5330003C41B6 /* ProductFinder.swift in Sources */ = {isa = PBXBuildFile; fileRef = 9CCBA06E255F5330003C41B6 /* ProductFinder.swift */; };
		A9A25BDEDABABC1BD9548F2E /* Pods_GAPSI_GAPSIUITests.framework in Frameworks */ = {isa = PBXBuildFile; fileRef = A32E17A8EB70D5B4194E30B9 /* Pods_GAPSI_GAPSIUITests.framework */; };
		EE967451508ED7FFE877914F /* Pods_GAPSITests.framework in Frameworks */ = {isa = PBXBuildFile; fileRef = 47D4C05569FF1126BABF8E0F /* Pods_GAPSITests.framework */; };
/* End PBXBuildFile section */

/* Begin PBXContainerItemProxy section */
		9CCBA04E255F3DF0003C41B6 /* PBXContainerItemProxy */ = {
			isa = PBXContainerItemProxy;
			containerPortal = 9CCBA02F255F3DEA003C41B6 /* Project object */;
			proxyType = 1;
			remoteGlobalIDString = 9CCBA036255F3DEB003C41B6;
			remoteInfo = GAPSI;
		};
		9CCBA059255F3DF0003C41B6 /* PBXContainerItemProxy */ = {
			isa = PBXContainerItemProxy;
			containerPortal = 9CCBA02F255F3DEA003C41B6 /* Project object */;
			proxyType = 1;
			remoteGlobalIDString = 9CCBA036255F3DEB003C41B6;
			remoteInfo = GAPSI;
		};
/* End PBXContainerItemProxy section */

/* Begin PBXFileReference section */
		25A53CF4502F37AC254A9BD6 /* Pods-GAPSI.debug.xcconfig */ = {isa = PBXFileReference; includeInIndex = 1; lastKnownFileType = text.xcconfig; name = "Pods-GAPSI.debug.xcconfig"; path = "Target Support Files/Pods-GAPSI/Pods-GAPSI.debug.xcconfig"; sourceTree = "<group>"; };
		2A2A28CFB2AC680DE8108250 /* Pods_GAPSI.framework */ = {isa = PBXFileReference; explicitFileType = wrapper.framework; includeInIndex = 0; path = Pods_GAPSI.framework; sourceTree = BUILT_PRODUCTS_DIR; };
		2BDC279C776940EC0B01A964 /* Pods-GAPSI.release.xcconfig */ = {isa = PBXFileReference; includeInIndex = 1; lastKnownFileType = text.xcconfig; name = "Pods-GAPSI.release.xcconfig"; path = "Target Support Files/Pods-GAPSI/Pods-GAPSI.release.xcconfig"; sourceTree = "<group>"; };
		2DE7BEED5D72A9290D246B5D /* Pods-GAPSI-GAPSIUITests.release.xcconfig */ = {isa = PBXFileReference; includeInIndex = 1; lastKnownFileType = text.xcconfig; name = "Pods-GAPSI-GAPSIUITests.release.xcconfig"; path = "Target Support Files/Pods-GAPSI-GAPSIUITests/Pods-GAPSI-GAPSIUITests.release.xcconfig"; sourceTree = "<group>"; };
		47D4C05569FF1126BABF8E0F /* Pods_GAPSITests.framework */ = {isa = PBXFileReference; explicitFileType = wrapper.framework; includeInIndex = 0; path = Pods_GAPSITests.framework; sourceTree = BUILT_PRODUCTS_DIR; };
		5C30559A7230039114BCD075 /* Pods-GAPSITests.debug.xcconfig */ = {isa = PBXFileReference; includeInIndex = 1; lastKnownFileType = text.xcconfig; name = "Pods-GAPSITests.debug.xcconfig"; path = "Target Support Files/Pods-GAPSITests/Pods-GAPSITests.debug.xcconfig"; sourceTree = "<group>"; };
		61F23E663342493731C57A1C /* Pods-GAPSI-GAPSIUITests.debug.xcconfig */ = {isa = PBXFileReference; includeInIndex = 1; lastKnownFileType = text.xcconfig; name = "Pods-GAPSI-GAPSIUITests.debug.xcconfig"; path = "Target Support Files/Pods-GAPSI-GAPSIUITests/Pods-GAPSI-GAPSIUITests.debug.xcconfig"; sourceTree = "<group>"; };
		9CCBA037255F3DEB003C41B6 /* GAPSI.app */ = {isa = PBXFileReference; explicitFileType = wrapper.application; includeInIndex = 0; path = GAPSI.app; sourceTree = BUILT_PRODUCTS_DIR; };
		9CCBA03A255F3DEB003C41B6 /* AppDelegate.swift */ = {isa = PBXFileReference; lastKnownFileType = sourcecode.swift; path = AppDelegate.swift; sourceTree = "<group>"; };
		9CCBA03C255F3DEB003C41B6 /* SceneDelegate.swift */ = {isa = PBXFileReference; lastKnownFileType = sourcecode.swift; path = SceneDelegate.swift; sourceTree = "<group>"; };
		9CCBA03E255F3DEB003C41B6 /* ViewController.swift */ = {isa = PBXFileReference; lastKnownFileType = sourcecode.swift; path = ViewController.swift; sourceTree = "<group>"; };
		9CCBA041255F3DEB003C41B6 /* Base */ = {isa = PBXFileReference; lastKnownFileType = file.storyboard; name = Base; path = Base.lproj/Main.storyboard; sourceTree = "<group>"; };
		9CCBA043255F3DF0003C41B6 /* Assets.xcassets */ = {isa = PBXFileReference; lastKnownFileType = folder.assetcatalog; path = Assets.xcassets; sourceTree = "<group>"; };
		9CCBA046255F3DF0003C41B6 /* Base */ = {isa = PBXFileReference; lastKnownFileType = file.storyboard; name = Base; path = Base.lproj/LaunchScreen.storyboard; sourceTree = "<group>"; };
		9CCBA048255F3DF0003C41B6 /* Info.plist */ = {isa = PBXFileReference; lastKnownFileType = text.plist.xml; path = Info.plist; sourceTree = "<group>"; };
		9CCBA04D255F3DF0003C41B6 /* GAPSITests.xctest */ = {isa = PBXFileReference; explicitFileType = wrapper.cfbundle; includeInIndex = 0; path = GAPSITests.xctest; sourceTree = BUILT_PRODUCTS_DIR; };
		9CCBA051255F3DF0003C41B6 /* GAPSITests.swift */ = {isa = PBXFileReference; lastKnownFileType = sourcecode.swift; path = GAPSITests.swift; sourceTree = "<group>"; };
		9CCBA053255F3DF0003C41B6 /* Info.plist */ = {isa = PBXFileReference; lastKnownFileType = text.plist.xml; path = Info.plist; sourceTree = "<group>"; };
		9CCBA058255F3DF0003C41B6 /* GAPSIUITests.xctest */ = {isa = PBXFileReference; explicitFileType = wrapper.cfbundle; includeInIndex = 0; path = GAPSIUITests.xctest; sourceTree = BUILT_PRODUCTS_DIR; };
		9CCBA05C255F3DF0003C41B6 /* GAPSIUITests.swift */ = {isa = PBXFileReference; lastKnownFileType = sourcecode.swift; path = GAPSIUITests.swift; sourceTree = "<group>"; };
		9CCBA05E255F3DF0003C41B6 /* Info.plist */ = {isa = PBXFileReference; lastKnownFileType = text.plist.xml; path = Info.plist; sourceTree = "<group>"; };
		9CCBA06A255F451C003C41B6 /* Request.swift */ = {isa = PBXFileReference; lastKnownFileType = sourcecode.swift; path = Request.swift; sourceTree = "<group>"; };
		9CCBA06C255F4C5D003C41B6 /* ProductsViewCell.swift */ = {isa = PBXFileReference; lastKnownFileType = sourcecode.swift; path = ProductsViewCell.swift; sourceTree = "<group>"; };
		9CCBA06E255F5330003C41B6 /* ProductFinder.swift */ = {isa = PBXFileReference; lastKnownFileType = sourcecode.swift; path = ProductFinder.swift; sourceTree = "<group>"; };
		A32E17A8EB70D5B4194E30B9 /* Pods_GAPSI_GAPSIUITests.framework */ = {isa = PBXFileReference; explicitFileType = wrapper.framework; includeInIndex = 0; path = Pods_GAPSI_GAPSIUITests.framework; sourceTree = BUILT_PRODUCTS_DIR; };
		C3844796DF9783F7108886D3 /* Pods-GAPSITests.release.xcconfig */ = {isa = PBXFileReference; includeInIndex = 1; lastKnownFileType = text.xcconfig; name = "Pods-GAPSITests.release.xcconfig"; path = "Target Support Files/Pods-GAPSITests/Pods-GAPSITests.release.xcconfig"; sourceTree = "<group>"; };
/* End PBXFileReference section */

/* Begin PBXFrameworksBuildPhase section */
		9CCBA034255F3DEB003C41B6 /* Frameworks */ = {
			isa = PBXFrameworksBuildPhase;
			buildActionMask = 2147483647;
			files = (
				768F740A45CD05FED849E5EF /* Pods_GAPSI.framework in Frameworks */,
			);
			runOnlyForDeploymentPostprocessing = 0;
		};
		9CCBA04A255F3DF0003C41B6 /* Frameworks */ = {
			isa = PBXFrameworksBuildPhase;
			buildActionMask = 2147483647;
			files = (
				EE967451508ED7FFE877914F /* Pods_GAPSITests.framework in Frameworks */,
			);
			runOnlyForDeploymentPostprocessing = 0;
		};
		9CCBA055255F3DF0003C41B6 /* Frameworks */ = {
			isa = PBXFrameworksBuildPhase;
			buildActionMask = 2147483647;
			files = (
				A9A25BDEDABABC1BD9548F2E /* Pods_GAPSI_GAPSIUITests.framework in Frameworks */,
			);
			runOnlyForDeploymentPostprocessing = 0;
		};
/* End PBXFrameworksBuildPhase section */

/* Begin PBXGroup section */
		23432509BEAE75F1A8924960 /* Frameworks */ = {
			isa = PBXGroup;
			children = (
				2A2A28CFB2AC680DE8108250 /* Pods_GAPSI.framework */,
				A32E17A8EB70D5B4194E30B9 /* Pods_GAPSI_GAPSIUITests.framework */,
				47D4C05569FF1126BABF8E0F /* Pods_GAPSITests.framework */,
			);
			name = Frameworks;
			sourceTree = "<group>";
		};
		7ED15F261B21D43005F8C6BE /* Pods */ = {
			isa = PBXGroup;
			children = (
				25A53CF4502F37AC254A9BD6 /* Pods-GAPSI.debug.xcconfig */,
				2BDC279C776940EC0B01A964 /* Pods-GAPSI.release.xcconfig */,
				61F23E663342493731C57A1C /* Pods-GAPSI-GAPSIUITests.debug.xcconfig */,
				2DE7BEED5D72A9290D246B5D /* Pods-GAPSI-GAPSIUITests.release.xcconfig */,
				5C30559A7230039114BCD075 /* Pods-GAPSITests.debug.xcconfig */,
				C3844796DF9783F7108886D3 /* Pods-GAPSITests.release.xcconfig */,
			);
			path = Pods;
			sourceTree = "<group>";
		};
		9CCBA02E255F3DEA003C41B6 = {
			isa = PBXGroup;
			children = (
				9CCBA039255F3DEB003C41B6 /* GAPSI */,
				9CCBA050255F3DF0003C41B6 /* GAPSITests */,
				9CCBA05B255F3DF0003C41B6 /* GAPSIUITests */,
				9CCBA038255F3DEB003C41B6 /* Products */,
				7ED15F261B21D43005F8C6BE /* Pods */,
				23432509BEAE75F1A8924960 /* Frameworks */,
			);
			sourceTree = "<group>";
		};
		9CCBA038255F3DEB003C41B6 /* Products */ = {
			isa = PBXGroup;
			children = (
				9CCBA037255F3DEB003C41B6 /* GAPSI.app */,
				9CCBA04D255F3DF0003C41B6 /* GAPSITests.xctest */,
				9CCBA058255F3DF0003C41B6 /* GAPSIUITests.xctest */,
			);
			name = Products;
			sourceTree = "<group>";
		};
		9CCBA039255F3DEB003C41B6 /* GAPSI */ = {
			isa = PBXGroup;
			children = (
				9CCBA03A255F3DEB003C41B6 /* AppDelegate.swift */,
				9CCBA03C255F3DEB003C41B6 /* SceneDelegate.swift */,
				9CCBA03E255F3DEB003C41B6 /* ViewController.swift */,
				9CCBA06E255F5330003C41B6 /* ProductFinder.swift */,
				9CCBA040255F3DEB003C41B6 /* Main.storyboard */,
				9CCBA043255F3DF0003C41B6 /* Assets.xcassets */,
				9CCBA045255F3DF0003C41B6 /* LaunchScreen.storyboard */,
				9CCBA048255F3DF0003C41B6 /* Info.plist */,
				9CCBA06A255F451C003C41B6 /* Request.swift */,
				9CCBA06C255F4C5D003C41B6 /* ProductsViewCell.swift */,
			);
			path = GAPSI;
			sourceTree = "<group>";
		};
		9CCBA050255F3DF0003C41B6 /* GAPSITests */ = {
			isa = PBXGroup;
			children = (
				9CCBA051255F3DF0003C41B6 /* GAPSITests.swift */,
				9CCBA053255F3DF0003C41B6 /* Info.plist */,
			);
			path = GAPSITests;
			sourceTree = "<group>";
		};
		9CCBA05B255F3DF0003C41B6 /* GAPSIUITests */ = {
			isa = PBXGroup;
			children = (
				9CCBA05C255F3DF0003C41B6 /* GAPSIUITests.swift */,
				9CCBA05E255F3DF0003C41B6 /* Info.plist */,
			);
			path = GAPSIUITests;
			sourceTree = "<group>";
		};
/* End PBXGroup section */

/* Begin PBXNativeTarget section */
		9CCBA036255F3DEB003C41B6 /* GAPSI */ = {
			isa = PBXNativeTarget;
			buildConfigurationList = 9CCBA061255F3DF0003C41B6 /* Build configuration list for PBXNativeTarget "GAPSI" */;
			buildPhases = (
				813ABC7151D8A882DCFB9475 /* [CP] Check Pods Manifest.lock */,
				9CCBA033255F3DEB003C41B6 /* Sources */,
				9CCBA034255F3DEB003C41B6 /* Frameworks */,
				9CCBA035255F3DEB003C41B6 /* Resources */,
				ADA805D62D5D6D495EC770AA /* [CP] Embed Pods Frameworks */,
			);
			buildRules = (
			);
			dependencies = (
			);
			name = GAPSI;
			productName = GAPSI;
			productReference = 9CCBA037255F3DEB003C41B6 /* GAPSI.app */;
			productType = "com.apple.product-type.application";
		};
		9CCBA04C255F3DF0003C41B6 /* GAPSITests */ = {
			isa = PBXNativeTarget;
			buildConfigurationList = 9CCBA064255F3DF0003C41B6 /* Build configuration list for PBXNativeTarget "GAPSITests" */;
			buildPhases = (
				E137821A5684AC0B8DBA4E7D /* [CP] Check Pods Manifest.lock */,
				9CCBA049255F3DF0003C41B6 /* Sources */,
				9CCBA04A255F3DF0003C41B6 /* Frameworks */,
				9CCBA04B255F3DF0003C41B6 /* Resources */,
			);
			buildRules = (
			);
			dependencies = (
				9CCBA04F255F3DF0003C41B6 /* PBXTargetDependency */,
			);
			name = GAPSITests;
			productName = GAPSITests;
			productReference = 9CCBA04D255F3DF0003C41B6 /* GAPSITests.xctest */;
			productType = "com.apple.product-type.bundle.unit-test";
		};
		9CCBA057255F3DF0003C41B6 /* GAPSIUITests */ = {
			isa = PBXNativeTarget;
			buildConfigurationList = 9CCBA067255F3DF0003C41B6 /* Build configuration list for PBXNativeTarget "GAPSIUITests" */;
			buildPhases = (
				09675BF8FD7DB5E28DFEAF96 /* [CP] Check Pods Manifest.lock */,
				9CCBA054255F3DF0003C41B6 /* Sources */,
				9CCBA055255F3DF0003C41B6 /* Frameworks */,
				9CCBA056255F3DF0003C41B6 /* Resources */,
				457C12553E6404B6ED5F0FA9 /* [CP] Embed Pods Frameworks */,
			);
			buildRules = (
			);
			dependencies = (
				9CCBA05A255F3DF0003C41B6 /* PBXTargetDependency */,
			);
			name = GAPSIUITests;
			productName = GAPSIUITests;
			productReference = 9CCBA058255F3DF0003C41B6 /* GAPSIUITests.xctest */;
			productType = "com.apple.product-type.bundle.ui-testing";
		};
/* End PBXNativeTarget section */

/* Begin PBXProject section */
		9CCBA02F255F3DEA003C41B6 /* Project object */ = {
			isa = PBXProject;
			attributes = {
				LastSwiftUpdateCheck = 1150;
				LastUpgradeCheck = 1150;
				ORGANIZATIONNAME = josue;
				TargetAttributes = {
					9CCBA036255F3DEB003C41B6 = {
						CreatedOnToolsVersion = 11.5;
					};
					9CCBA04C255F3DF0003C41B6 = {
						CreatedOnToolsVersion = 11.5;
						TestTargetID = 9CCBA036255F3DEB003C41B6;
					};
					9CCBA057255F3DF0003C41B6 = {
						CreatedOnToolsVersion = 11.5;
						TestTargetID = 9CCBA036255F3DEB003C41B6;
					};
				};
			};
			buildConfigurationList = 9CCBA032255F3DEA003C41B6 /* Build configuration list for PBXProject "GAPSI" */;
			compatibilityVersion = "Xcode 9.3";
			developmentRegion = en;
			hasScannedForEncodings = 0;
			knownRegions = (
				en,
				Base,
			);
			mainGroup = 9CCBA02E255F3DEA003C41B6;
			productRefGroup = 9CCBA038255F3DEB003C41B6 /* Products */;
			projectDirPath = "";
			projectRoot = "";
			targets = (
				9CCBA036255F3DEB003C41B6 /* GAPSI */,
				9CCBA04C255F3DF0003C41B6 /* GAPSITests */,
				9CCBA057255F3DF0003C41B6 /* GAPSIUITests */,
			);
		};
/* End PBXProject section */

/* Begin PBXResourcesBuildPhase section */
		9CCBA035255F3DEB003C41B6 /* Resources */ = {
			isa = PBXResourcesBuildPhase;
			buildActionMask = 2147483647;
			files = (
				9CCBA047255F3DF0003C41B6 /* LaunchScreen.storyboard in Resources */,
				9CCBA044255F3DF0003C41B6 /* Assets.xcassets in Resources */,
				9CCBA042255F3DEB003C41B6 /* Main.storyboard in Resources */,
			);
			runOnlyForDeploymentPostprocessing = 0;
		};
		9CCBA04B255F3DF0003C41B6 /* Resources */ = {
			isa = PBXResourcesBuildPhase;
			buildActionMask = 2147483647;
			files = (
			);
			runOnlyForDeploymentPostprocessing = 0;
		};
		9CCBA056255F3DF0003C41B6 /* Resources */ = {
			isa = PBXResourcesBuildPhase;
			buildActionMask = 2147483647;
			files = (
			);
			runOnlyForDeploymentPostprocessing = 0;
		};
/* End PBXResourcesBuildPhase section */

/* Begin PBXShellScriptBuildPhase section */
		09675BF8FD7DB5E28DFEAF96 /* [CP] Check Pods Manifest.lock */ = {
			isa = PBXShellScriptBuildPhase;
			buildActionMask = 2147483647;
			files = (
			);
			inputFileListPaths = (
			);
			inputPaths = (
				"${PODS_PODFILE_DIR_PATH}/Podfile.lock",
				"${PODS_ROOT}/Manifest.lock",
			);
			name = "[CP] Check Pods Manifest.lock";
			outputFileListPaths = (
			);
			outputPaths = (
				"$(DERIVED_FILE_DIR)/Pods-GAPSI-GAPSIUITests-checkManifestLockResult.txt",
			);
			runOnlyForDeploymentPostprocessing = 0;
			shellPath = /bin/sh;
			shellScript = "diff \"${PODS_PODFILE_DIR_PATH}/Podfile.lock\" \"${PODS_ROOT}/Manifest.lock\" > /dev/null\nif [ $? != 0 ] ; then\n    # print error to STDERR\n    echo \"error: The sandbox is not in sync with the Podfile.lock. Run 'pod install' or update your CocoaPods installation.\" >&2\n    exit 1\nfi\n# This output is used by Xcode 'outputs' to avoid re-running this script phase.\necho \"SUCCESS\" > \"${SCRIPT_OUTPUT_FILE_0}\"\n";
			showEnvVarsInLog = 0;
		};
		457C12553E6404B6ED5F0FA9 /* [CP] Embed Pods Frameworks */ = {
			isa = PBXShellScriptBuildPhase;
			buildActionMask = 2147483647;
			files = (
			);
			inputFileListPaths = (
				"${PODS_ROOT}/Target Support Files/Pods-GAPSI-GAPSIUITests/Pods-GAPSI-GAPSIUITests-frameworks-${CONFIGURATION}-input-files.xcfilelist",
			);
			name = "[CP] Embed Pods Frameworks";
			outputFileListPaths = (
				"${PODS_ROOT}/Target Support Files/Pods-GAPSI-GAPSIUITests/Pods-GAPSI-GAPSIUITests-frameworks-${CONFIGURATION}-output-files.xcfilelist",
			);
			runOnlyForDeploymentPostprocessing = 0;
			shellPath = /bin/sh;
			shellScript = "\"${PODS_ROOT}/Target Support Files/Pods-GAPSI-GAPSIUITests/Pods-GAPSI-GAPSIUITests-frameworks.sh\"\n";
			showEnvVarsInLog = 0;
		};
		813ABC7151D8A882DCFB9475 /* [CP] Check Pods Manifest.lock */ = {
			isa = PBXShellScriptBuildPhase;
			buildActionMask = 2147483647;
			files = (
			);
			inputFileListPaths = (
			);
			inputPaths = (
				"${PODS_PODFILE_DIR_PATH}/Podfile.lock",
				"${PODS_ROOT}/Manifest.lock",
			);
			name = "[CP] Check Pods Manifest.lock";
			outputFileListPaths = (
			);
			outputPaths = (
				"$(DERIVED_FILE_DIR)/Pods-GAPSI-checkManifestLockResult.txt",
			);
			runOnlyForDeploymentPostprocessing = 0;
			shellPath = /bin/sh;
			shellScript = "diff \"${PODS_PODFILE_DIR_PATH}/Podfile.lock\" \"${PODS_ROOT}/Manifest.lock\" > /dev/null\nif [ $? != 0 ] ; then\n    # print error to STDERR\n    echo \"error: The sandbox is not in sync with the Podfile.lock. Run 'pod install' or update your CocoaPods installation.\" >&2\n    exit 1\nfi\n# This output is used by Xcode 'outputs' to avoid re-running this script phase.\necho \"SUCCESS\" > \"${SCRIPT_OUTPUT_FILE_0}\"\n";
			showEnvVarsInLog = 0;
		};
		ADA805D62D5D6D495EC770AA /* [CP] Embed Pods Frameworks */ = {
			isa = PBXShellScriptBuildPhase;
			buildActionMask = 2147483647;
			files = (
			);
			inputFileListPaths = (
				"${PODS_ROOT}/Target Support Files/Pods-GAPSI/Pods-GAPSI-frameworks-${CONFIGURATION}-input-files.xcfilelist",
			);
			name = "[CP] Embed Pods Frameworks";
			outputFileListPaths = (
				"${PODS_ROOT}/Target Support Files/Pods-GAPSI/Pods-GAPSI-frameworks-${CONFIGURATION}-output-files.xcfilelist",
			);
			runOnlyForDeploymentPostprocessing = 0;
			shellPath = /bin/sh;
			shellScript = "\"${PODS_ROOT}/Target Support Files/Pods-GAPSI/Pods-GAPSI-frameworks.sh\"\n";
			showEnvVarsInLog = 0;
		};
		E137821A5684AC0B8DBA4E7D /* [CP] Check Pods Manifest.lock */ = {
			isa = PBXShellScriptBuildPhase;
			buildActionMask = 2147483647;
			files = (
			);
			inputFileListPaths = (
			);
			inputPaths = (
				"${PODS_PODFILE_DIR_PATH}/Podfile.lock",
				"${PODS_ROOT}/Manifest.lock",
			);
			name = "[CP] Check Pods Manifest.lock";
			outputFileListPaths = (
			);
			outputPaths = (
				"$(DERIVED_FILE_DIR)/Pods-GAPSITests-checkManifestLockResult.txt",
			);
			runOnlyForDeploymentPostprocessing = 0;
			shellPath = /bin/sh;
			shellScript = "diff \"${PODS_PODFILE_DIR_PATH}/Podfile.lock\" \"${PODS_ROOT}/Manifest.lock\" > /dev/null\nif [ $? != 0 ] ; then\n    # print error to STDERR\n    echo \"error: The sandbox is not in sync with the Podfile.lock. Run 'pod install' or update your CocoaPods installation.\" >&2\n    exit 1\nfi\n# This output is used by Xcode 'outputs' to avoid re-running this script phase.\necho \"SUCCESS\" > \"${SCRIPT_OUTPUT_FILE_0}\"\n";
			showEnvVarsInLog = 0;
		};
/* End PBXShellScriptBuildPhase section */

/* Begin PBXSourcesBuildPhase section */
		9CCBA033255F3DEB003C41B6 /* Sources */ = {
			isa = PBXSourcesBuildPhase;
			buildActionMask = 2147483647;
			files = (
				9CCBA06D255F4C5D003C41B6 /* ProductsViewCell.swift in Sources */,
				9CCBA03F255F3DEB003C41B6 /* ViewController.swift in Sources */,
				9CCBA06B255F451C003C41B6 /* Request.swift in Sources */,
				9CCBA03B255F3DEB003C41B6 /* AppDelegate.swift in Sources */,
				9CCBA03D255F3DEB003C41B6 /* SceneDelegate.swift in Sources */,
				9CCBA06F255F5330003C41B6 /* ProductFinder.swift in Sources */,
			);
			runOnlyForDeploymentPostprocessing = 0;
		};
		9CCBA049255F3DF0003C41B6 /* Sources */ = {
			isa = PBXSourcesBuildPhase;
			buildActionMask = 2147483647;
			files = (
				9CCBA052255F3DF0003C41B6 /* GAPSITests.swift in Sources */,
			);
			runOnlyForDeploymentPostprocessing = 0;
		};
		9CCBA054255F3DF0003C41B6 /* Sources */ = {
			isa = PBXSourcesBuildPhase;
			buildActionMask = 2147483647;
			files = (
				9CCBA05D255F3DF0003C41B6 /* GAPSIUITests.swift in Sources */,
			);
			runOnlyForDeploymentPostprocessing = 0;
		};
/* End PBXSourcesBuildPhase section */

/* Begin PBXTargetDependency section */
		9CCBA04F255F3DF0003C41B6 /* PBXTargetDependency */ = {
			isa = PBXTargetDependency;
			target = 9CCBA036255F3DEB003C41B6 /* GAPSI */;
			targetProxy = 9CCBA04E255F3DF0003C41B6 /* PBXContainerItemProxy */;
		};
		9CCBA05A255F3DF0003C41B6 /* PBXTargetDependency */ = {
			isa = PBXTargetDependency;
			target = 9CCBA036255F3DEB003C41B6 /* GAPSI */;
			targetProxy = 9CCBA059255F3DF0003C41B6 /* PBXContainerItemProxy */;
		};
/* End PBXTargetDependency section */

/* Begin PBXVariantGroup section */
		9CCBA040255F3DEB003C41B6 /* Main.storyboard */ = {
			isa = PBXVariantGroup;
			children = (
				9CCBA041255F3DEB003C41B6 /* Base */,
			);
			name = Main.storyboard;
			sourceTree = "<group>";
		};
		9CCBA045255F3DF0003C41B6 /* LaunchScreen.storyboard */ = {
			isa = PBXVariantGroup;
			children = (
				9CCBA046255F3DF0003C41B6 /* Base */,
			);
			name = LaunchScreen.storyboard;
			sourceTree = "<group>";
		};
/* End PBXVariantGroup section */

/* Begin XCBuildConfiguration section */
		9CCBA05F255F3DF0003C41B6 /* Debug */ = {
			isa = XCBuildConfiguration;
			buildSettings = {
				ALWAYS_SEARCH_USER_PATHS = NO;
				CLANG_ANALYZER_NONNULL = YES;
				CLANG_ANALYZER_NUMBER_OBJECT_CONVERSION = YES_AGGRESSIVE;
				CLANG_CXX_LANGUAGE_STANDARD = "gnu++14";
				CLANG_CXX_LIBRARY = "libc++";
				CLANG_ENABLE_MODULES = YES;
				CLANG_ENABLE_OBJC_ARC = YES;
				CLANG_ENABLE_OBJC_WEAK = YES;
				CLANG_WARN_BLOCK_CAPTURE_AUTORELEASING = YES;
				CLANG_WARN_BOOL_CONVERSION = YES;
				CLANG_WARN_COMMA = YES;
				CLANG_WARN_CONSTANT_CONVERSION = YES;
				CLANG_WARN_DEPRECATED_OBJC_IMPLEMENTATIONS = YES;
				CLANG_WARN_DIRECT_OBJC_ISA_USAGE = YES_ERROR;
				CLANG_WARN_DOCUMENTATION_COMMENTS = YES;
				CLANG_WARN_EMPTY_BODY = YES;
				CLANG_WARN_ENUM_CONVERSION = YES;
				CLANG_WARN_INFINITE_RECURSION = YES;
				CLANG_WARN_INT_CONVERSION = YES;
				CLANG_WARN_NON_LITERAL_NULL_CONVERSION = YES;
				CLANG_WARN_OBJC_IMPLICIT_RETAIN_SELF = YES;
				CLANG_WARN_OBJC_LITERAL_CONVERSION = YES;
				CLANG_WARN_OBJC_ROOT_CLASS = YES_ERROR;
				CLANG_WARN_RANGE_LOOP_ANALYSIS = YES;
				CLANG_WARN_STRICT_PROTOTYPES = YES;
				CLANG_WARN_SUSPICIOUS_MOVE = YES;
				CLANG_WARN_UNGUARDED_AVAILABILITY = YES_AGGRESSIVE;
				CLANG_WARN_UNREACHABLE_CODE = YES;
				CLANG_WARN__DUPLICATE_METHOD_MATCH = YES;
				COPY_PHASE_STRIP = NO;
				DEBUG_INFORMATION_FORMAT = dwarf;
				ENABLE_STRICT_OBJC_MSGSEND = YES;
				ENABLE_TESTABILITY = YES;
				GCC_C_LANGUAGE_STANDARD = gnu11;
				GCC_DYNAMIC_NO_PIC = NO;
				GCC_NO_COMMON_BLOCKS = YES;
				GCC_OPTIMIZATION_LEVEL = 0;
				GCC_PREPROCESSOR_DEFINITIONS = (
					"DEBUG=1",
					"$(inherited)",
				);
				GCC_WARN_64_TO_32_BIT_CONVERSION = YES;
				GCC_WARN_ABOUT_RETURN_TYPE = YES_ERROR;
				GCC_WARN_UNDECLARED_SELECTOR = YES;
				GCC_WARN_UNINITIALIZED_AUTOS = YES_AGGRESSIVE;
				GCC_WARN_UNUSED_FUNCTION = YES;
				GCC_WARN_UNUSED_VARIABLE = YES;
				IPHONEOS_DEPLOYMENT_TARGET = 13.0;
				MTL_ENABLE_DEBUG_INFO = INCLUDE_SOURCE;
				MTL_FAST_MATH = YES;
				ONLY_ACTIVE_ARCH = YES;
				SDKROOT = iphoneos;
				SWIFT_ACTIVE_COMPILATION_CONDITIONS = DEBUG;
				SWIFT_OPTIMIZATION_LEVEL = "-Onone";
			};
			name = Debug;
		};
		9CCBA060255F3DF0003C41B6 /* Release */ = {
			isa = XCBuildConfiguration;
			buildSettings = {
				ALWAYS_SEARCH_USER_PATHS = NO;
				CLANG_ANALYZER_NONNULL = YES;
				CLANG_ANALYZER_NUMBER_OBJECT_CONVERSION = YES_AGGRESSIVE;
				CLANG_CXX_LANGUAGE_STANDARD = "gnu++14";
				CLANG_CXX_LIBRARY = "libc++";
				CLANG_ENABLE_MODULES = YES;
				CLANG_ENABLE_OBJC_ARC = YES;
				CLANG_ENABLE_OBJC_WEAK = YES;
				CLANG_WARN_BLOCK_CAPTURE_AUTORELEASING = YES;
				CLANG_WARN_BOOL_CONVERSION = YES;
				CLANG_WARN_COMMA = YES;
				CLANG_WARN_CONSTANT_CONVERSION = YES;
				CLANG_WARN_DEPRECATED_OBJC_IMPLEMENTATIONS = YES;
				CLANG_WARN_DIRECT_OBJC_ISA_USAGE = YES_ERROR;
				CLANG_WARN_DOCUMENTATION_COMMENTS = YES;
				CLANG_WARN_EMPTY_BODY = YES;
				CLANG_WARN_ENUM_CONVERSION = YES;
				CLANG_WARN_INFINITE_RECURSION = YES;
				CLANG_WARN_INT_CONVERSION = YES;
				CLANG_WARN_NON_LITERAL_NULL_CONVERSION = YES;
				CLANG_WARN_OBJC_IMPLICIT_RETAIN_SELF = YES;
				CLANG_WARN_OBJC_LITERAL_CONVERSION = YES;
				CLANG_WARN_OBJC_ROOT_CLASS = YES_ERROR;
				CLANG_WARN_RANGE_LOOP_ANALYSIS = YES;
				CLANG_WARN_STRICT_PROTOTYPES = YES;
				CLANG_WARN_SUSPICIOUS_MOVE = YES;
				CLANG_WARN_UNGUARDED_AVAILABILITY = YES_AGGRESSIVE;
				CLANG_WARN_UNREACHABLE_CODE = YES;
				CLANG_WARN__DUPLICATE_METHOD_MATCH = YES;
				COPY_PHASE_STRIP = NO;
				DEBUG_INFORMATION_FORMAT = "dwarf-with-dsym";
				ENABLE_NS_ASSERTIONS = NO;
				ENABLE_STRICT_OBJC_MSGSEND = YES;
				GCC_C_LANGUAGE_STANDARD = gnu11;
				GCC_NO_COMMON_BLOCKS = YES;
				GCC_WARN_64_TO_32_BIT_CONVERSION = YES;
				GCC_WARN_ABOUT_RETURN_TYPE = YES_ERROR;
				GCC_WARN_UNDECLARED_SELECTOR = YES;
				GCC_WARN_UNINITIALIZED_AUTOS = YES_AGGRESSIVE;
				GCC_WARN_UNUSED_FUNCTION = YES;
				GCC_WARN_UNUSED_VARIABLE = YES;
				IPHONEOS_DEPLOYMENT_TARGET = 13.0;
				MTL_ENABLE_DEBUG_INFO = NO;
				MTL_FAST_MATH = YES;
				SDKROOT = iphoneos;
				SWIFT_COMPILATION_MODE = wholemodule;
				SWIFT_OPTIMIZATION_LEVEL = "-O";
				VALIDATE_PRODUCT = YES;
			};
			name = Release;
		};
		9CCBA062255F3DF0003C41B6 /* Debug */ = {
			isa = XCBuildConfiguration;
			baseConfigurationReference = 25A53CF4502F37AC254A9BD6 /* Pods-GAPSI.debug.xcconfig */;
			buildSettings = {
				ASSETCATALOG_COMPILER_APPICON_NAME = AppIcon;
				CODE_SIGN_STYLE = Automatic;
				DEVELOPMENT_TEAM = 4ZQ2NX3EL5;
				INFOPLIST_FILE = GAPSI/Info.plist;
				LD_RUNPATH_SEARCH_PATHS = (
					"$(inherited)",
					"@executable_path/Frameworks",
				);
				PRODUCT_BUNDLE_IDENTIFIER = com.josue.GAPSI;
				PRODUCT_NAME = "$(TARGET_NAME)";
				SWIFT_VERSION = 5.0;
				TARGETED_DEVICE_FAMILY = 1;
			};
			name = Debug;
		};
		9CCBA063255F3DF0003C41B6 /* Release */ = {
			isa = XCBuildConfiguration;
			baseConfigurationReference = 2BDC279C776940EC0B01A964 /* Pods-GAPSI.release.xcconfig */;
			buildSettings = {
				ASSETCATALOG_COMPILER_APPICON_NAME = AppIcon;
				CODE_SIGN_STYLE = Automatic;
				DEVELOPMENT_TEAM = 4ZQ2NX3EL5;
				INFOPLIST_FILE = GAPSI/Info.plist;
				LD_RUNPATH_SEARCH_PATHS = (
					"$(inherited)",
					"@executable_path/Frameworks",
				);
				PRODUCT_BUNDLE_IDENTIFIER = com.josue.GAPSI;
				PRODUCT_NAME = "$(TARGET_NAME)";
				SWIFT_VERSION = 5.0;
				TARGETED_DEVICE_FAMILY = 1;
			};
			name = Release;
		};
		9CCBA065255F3DF0003C41B6 /* Debug */ = {
			isa = XCBuildConfiguration;
			baseConfigurationReference = 5C30559A7230039114BCD075 /* Pods-GAPSITests.debug.xcconfig */;
			buildSettings = {
				ALWAYS_EMBED_SWIFT_STANDARD_LIBRARIES = YES;
				BUNDLE_LOADER = "$(TEST_HOST)";
				CODE_SIGN_STYLE = Automatic;
				INFOPLIST_FILE = GAPSITests/Info.plist;
				IPHONEOS_DEPLOYMENT_TARGET = 13.5;
				LD_RUNPATH_SEARCH_PATHS = (
					"$(inherited)",
					"@executable_path/Frameworks",
					"@loader_path/Frameworks",
				);
				PRODUCT_BUNDLE_IDENTIFIER = com.josue.GAPSITests;
				PRODUCT_NAME = "$(TARGET_NAME)";
				SWIFT_VERSION = 5.0;
				TARGETED_DEVICE_FAMILY = "1,2";
				TEST_HOST = "$(BUILT_PRODUCTS_DIR)/GAPSI.app/GAPSI";
			};
			name = Debug;
		};
		9CCBA066255F3DF0003C41B6 /* Release */ = {
			isa = XCBuildConfiguration;
			baseConfigurationReference = C3844796DF9783F7108886D3 /* Pods-GAPSITests.release.xcconfig */;
			buildSettings = {
				ALWAYS_EMBED_SWIFT_STANDARD_LIBRARIES = YES;
				BUNDLE_LOADER = "$(TEST_HOST)";
				CODE_SIGN_STYLE = Automatic;
				INFOPLIST_FILE = GAPSITests/Info.plist;
				IPHONEOS_DEPLOYMENT_TARGET = 13.5;
				LD_RUNPATH_SEARCH_PATHS = (
					"$(inherited)",
					"@executable_path/Frameworks",
					"@loader_path/Frameworks",
				);
				PRODUCT_BUNDLE_IDENTIFIER = com.josue.GAPSITests;
				PRODUCT_NAME = "$(TARGET_NAME)";
				SWIFT_VERSION = 5.0;
				TARGETED_DEVICE_FAMILY = "1,2";
				TEST_HOST = "$(BUILT_PRODUCTS_DIR)/GAPSI.app/GAPSI";
			};
			name = Release;
		};
		9CCBA068255F3DF0003C41B6 /* Debug */ = {
			isa = XCBuildConfiguration;
			baseConfigurationReference = 61F23E663342493731C57A1C /* Pods-GAPSI-GAPSIUITests.debug.xcconfig */;
			buildSettings = {
				ALWAYS_EMBED_SWIFT_STANDARD_LIBRARIES = YES;
				CODE_SIGN_STYLE = Automatic;
				INFOPLIST_FILE = GAPSIUITests/Info.plist;
				LD_RUNPATH_SEARCH_PATHS = (
					"$(inherited)",
					"@executable_path/Frameworks",
					"@loader_path/Frameworks",
				);
				PRODUCT_BUNDLE_IDENTIFIER = com.josue.GAPSIUITests;
				PRODUCT_NAME = "$(TARGET_NAME)";
				SWIFT_VERSION = 5.0;
				TARGETED_DEVICE_FAMILY = "1,2";
				TEST_TARGET_NAME = GAPSI;
			};
			name = Debug;
		};
		9CCBA069255F3DF0003C41B6 /* Release */ = {
			isa = XCBuildConfiguration;
			baseConfigurationReference = 2DE7BEED5D72A9290D246B5D /* Pods-GAPSI-GAPSIUITests.release.xcconfig */;
			buildSettings = {
				ALWAYS_EMBED_SWIFT_STANDARD_LIBRARIES = YES;
				CODE_SIGN_STYLE = Automatic;
				INFOPLIST_FILE = GAPSIUITests/Info.plist;
				LD_RUNPATH_SEARCH_PATHS = (
					"$(inherited)",
					"@executable_path/Frameworks",
					"@loader_path/Frameworks",
				);
				PRODUCT_BUNDLE_IDENTIFIER = com.josue.GAPSIUITests;
				PRODUCT_NAME = "$(TARGET_NAME)";
				SWIFT_VERSION = 5.0;
				TARGETED_DEVICE_FAMILY = "1,2";
				TEST_TARGET_NAME = GAPSI;
			};
			name = Release;
		};
/* End XCBuildConfiguration section */

/* Begin XCConfigurationList section */
		9CCBA032255F3DEA003C41B6 /* Build configuration list for PBXProject "GAPSI" */ = {
			isa = XCConfigurationList;
			buildConfigurations = (
				9CCBA05F255F3DF0003C41B6 /* Debug */,
				9CCBA060255F3DF0003C41B6 /* Release */,
			);
			defaultConfigurationIsVisible = 0;
			defaultConfigurationName = Release;
		};
		9CCBA061255F3DF0003C41B6 /* Build configuration list for PBXNativeTarget "GAPSI" */ = {
			isa = XCConfigurationList;
			buildConfigurations = (
				9CCBA062255F3DF0003C41B6 /* Debug */,
				9CCBA063255F3DF0003C41B6 /* Release */,
			);
			defaultConfigurationIsVisible = 0;
			defaultConfigurationName = Release;
		};
		9CCBA064255F3DF0003C41B6 /* Build configuration list for PBXNativeTarget "GAPSITests" */ = {
			isa = XCConfigurationList;
			buildConfigurations = (
				9CCBA065255F3DF0003C41B6 /* Debug */,
				9CCBA066255F3DF0003C41B6 /* Release */,
			);
			defaultConfigurationIsVisible = 0;
			defaultConfigurationName = Release;
		};
		9CCBA067255F3DF0003C41B6 /* Build configuration list for PBXNativeTarget "GAPSIUITests" */ = {
			isa = XCConfigurationList;
			buildConfigurations = (
				9CCBA068255F3DF0003C41B6 /* Debug */,
				9CCBA069255F3DF0003C41B6 /* Release */,
			);
			defaultConfigurationIsVisible = 0;
			defaultConfigurationName = Release;
		};
/* End XCConfigurationList section */
	};
	rootObject = 9CCBA02F255F3DEA003C41B6 /* Project object */;
}
